{
  "requires": true,
  "lockfileVersion": 1,
  "dependencies": {
    "@agm/core": {
      "version": "3.0.0-beta.0",
      "resolved": "https://registry.npmjs.org/@agm/core/-/core-3.0.0-beta.0.tgz",
      "integrity": "sha512-KNmKbe89Nen7s7+mX63RgX88jBfajUZCFqkHIQ8Fd+Lf/ko/IY6yw4kPh0iYGxgPVPjpsHJ06GZ5m3ZxpEVX9A==",
      "requires": {
        "tslib": "^2.0.0"
      }
    },
    "@angular/animations": {
      "version": "10.2.1",
      "resolved": "https://registry.npmjs.org/@angular/animations/-/animations-10.2.1.tgz",
      "integrity": "sha512-WD3WGMLhGdvmBNIf9l+H3NwniQr+yBnTEOyUnsOokXsX3I5LYYPCR+3E/YBRDbbBuf4Y3v3sEkijHT5xZ+jQHw==",
      "requires": {
        "tslib": "^2.0.0"
      }
    },
    "@angular/common": {
      "version": "10.2.1",
      "resolved": "https://registry.npmjs.org/@angular/common/-/common-10.2.1.tgz",
      "integrity": "sha512-aJtgokgWxibd7wGmktHm0uYkR/lOrbcStrn6Qisj/PIJf9xTGXYFB0yusnk103aiuBfCIKq+Wl0ZGc1s81Okaw==",
      "requires": {
        "tslib": "^2.0.0"
      }
    },
    "@angular/core": {
      "version": "10.2.1",
      "resolved": "https://registry.npmjs.org/@angular/core/-/core-10.2.1.tgz",
      "integrity": "sha512-zt9G5Ei1nxB6yVJqpiH7K6npaiEUrPWlDCq6vwXeJbmO3tbw2WWiqD55Wkx5hRfysY43swC5j7VveNytHidkkQ==",
      "requires": {
        "tslib": "^2.0.0"
      }
    },
    "tslib": {
      "version": "2.0.3",
      "resolved": "https://registry.npmjs.org/tslib/-/tslib-2.0.3.tgz",
      "integrity": "sha512-uZtkfKblCEQtZKBF6EBXVZeQNl82yqtDQdv+eck8u7tdPxjLu2/lp5/uPW+um2tpuxINHWy3GhiccY7QgEaVHQ=="
    }
  }
}
